
Microsoft Visual Studio Solution File, Format Version 12.00
# Visual Studio 15
VisualStudioVersion = 15.0.28307.421
MinimumVisualStudioVersion = 10.0.40219.1
Project("{FAE04EC0-301F-11D3-BF4B-00C04F79EFBC}") = "Missing Element", "Missing Element\Missing Element.csproj", "{FED594FE-F099-4AD1-A296-B64C0FA5CBD6}"
EndProject
Global
	GlobalSection(SolutionConfigurationPlatforms) = preSolution
		Debug|Any CPU = Debug|Any CPU
		Release|Any CPU = Release|Any CPU
	EndGlobalSection
	GlobalSection(ProjectConfigurationPlatforms) = postSolution
		{FED594FE-F099-4AD1-A296-B64C0FA5CBD6}.Debug|Any CPU.ActiveCfg = Debug|Any CPU
		{FED594FE-F099-4AD1-A296-B64C0FA5CBD6}.Debug|Any CPU.Build.0 = Debug|Any CPU
		{FED594FE-F099-4AD1-A296-B64C0FA5CBD6}.Release|Any CPU.ActiveCfg = Release|Any CPU
		{FED594FE-F099-4AD1-A296-B64C0FA5CBD6}.Release|Any CPU.Build.0 = Release|Any CPU
	EndGlobalSection
	GlobalSection(SolutionProperties) = preSolution
		HideSolutionNode = FALSE
	EndGlobalSection
	GlobalSection(ExtensibilityGlobals) = postSolution
		SolutionGuid = {CE2B4962-6166-4081-94A7-1E70BBE6EE3B}
	EndGlobalSection
EndGlobal
