
Microsoft Visual Studio Solution File, Format Version 12.00
# Visual Studio 15
VisualStudioVersion = 15.0.28307.421
MinimumVisualStudioVersion = 10.0.40219.1
Project("{FAE04EC0-301F-11D3-BF4B-00C04F79EFBC}") = "MissingElement2", "MissingElement2\MissingElement2.csproj", "{72B49CB0-2277-481D-93A3-D198D01F5B94}"
EndProject
Global
	GlobalSection(SolutionConfigurationPlatforms) = preSolution
		Debug|Any CPU = Debug|Any CPU
		Release|Any CPU = Release|Any CPU
	EndGlobalSection
	GlobalSection(ProjectConfigurationPlatforms) = postSolution
		{72B49CB0-2277-481D-93A3-D198D01F5B94}.Debug|Any CPU.ActiveCfg = Debug|Any CPU
		{72B49CB0-2277-481D-93A3-D198D01F5B94}.Debug|Any CPU.Build.0 = Debug|Any CPU
		{72B49CB0-2277-481D-93A3-D198D01F5B94}.Release|Any CPU.ActiveCfg = Release|Any CPU
		{72B49CB0-2277-481D-93A3-D198D01F5B94}.Release|Any CPU.Build.0 = Release|Any CPU
	EndGlobalSection
	GlobalSection(SolutionProperties) = preSolution
		HideSolutionNode = FALSE
	EndGlobalSection
	GlobalSection(ExtensibilityGlobals) = postSolution
		SolutionGuid = {0699DD5C-9A91-44E1-9AC9-93CF26E2A238}
	EndGlobalSection
EndGlobal
